
Microsoft Visual Studio Solution File, Format Version 12.00
# Visual Studio Version 18
VisualStudioVersion = 18.3.11505.172
MinimumVisualStudioVersion = 10.0.40219.1
Project("{FAE04EC0-301F-11D3-BF4B-00C04F79EFBC}") = "SocialNetworkMicroservices.AppHost", "SocialNetworkMicroservices.AppHost\SocialNetworkMicroservices.AppHost.csproj", "{B216BEF5-2B68-4AA1-A064-44B300DB567D}"
EndProject
Project("{FAE04EC0-301F-11D3-BF4B-00C04F79EFBC}") = "SocialNetworkMicroservices.ServiceDefaults", "SocialNetworkMicroservices.ServiceDefaults\SocialNetworkMicroservices.ServiceDefaults.csproj", "{738151D0-371D-40CB-8F3B-B2083703CD66}"
EndProject
Project("{FAE04EC0-301F-11D3-BF4B-00C04F79EFBC}") = "SocialNetworkMicroservices.Post", "SocialNetworkMicroservices.Post\SocialNetworkMicroservices.Post.csproj", "{3977D4C2-3F09-4424-BCB1-928D26D898E2}"
EndProject
Project("{FAE04EC0-301F-11D3-BF4B-00C04F79EFBC}") = "SocialNetworkMicroservices.Identity", "SocialNetworkMicroservices.Identity\SocialNetworkMicroservices.Identity.csproj", "{8B433FD6-42B5-4071-ACA1-0E9C0793DA20}"
EndProject
Global
	GlobalSection(SolutionConfigurationPlatforms) = preSolution
		Debug|Any CPU = Debug|Any CPU
		Debug|x64 = Debug|x64
		Debug|x86 = Debug|x86
		Release|Any CPU = Release|Any CPU
		Release|x64 = Release|x64
		Release|x86 = Release|x86
	EndGlobalSection
	GlobalSection(ProjectConfigurationPlatforms) = postSolution
		{B216BEF5-2B68-4AA1-A064-44B300DB567D}.Debug|Any CPU.ActiveCfg = Debug|Any CPU
		{B216BEF5-2B68-4AA1-A064-44B300DB567D}.Debug|Any CPU.Build.0 = Debug|Any CPU
		{B216BEF5-2B68-4AA1-A064-44B300DB567D}.Debug|x64.ActiveCfg = Debug|Any CPU
		{B216BEF5-2B68-4AA1-A064-44B300DB567D}.Debug|x64.Build.0 = Debug|Any CPU
		{B216BEF5-2B68-4AA1-A064-44B300DB567D}.Debug|x86.ActiveCfg = Debug|Any CPU
		{B216BEF5-2B68-4AA1-A064-44B300DB567D}.Debug|x86.Build.0 = Debug|Any CPU
		{B216BEF5-2B68-4AA1-A064-44B300DB567D}.Release|Any CPU.ActiveCfg = Release|Any CPU
		{B216BEF5-2B68-4AA1-A064-44B300DB567D}.Release|Any CPU.Build.0 = Release|Any CPU
		{B216BEF5-2B68-4AA1-A064-44B300DB567D}.Release|x64.ActiveCfg = Release|Any CPU
		{B216BEF5-2B68-4AA1-A064-44B300DB567D}.Release|x64.Build.0 = Release|Any CPU
		{B216BEF5-2B68-4AA1-A064-44B300DB567D}.Release|x86.ActiveCfg = Release|Any CPU
		{B216BEF5-2B68-4AA1-A064-44B300DB567D}.Release|x86.Build.0 = Release|Any CPU
		{738151D0-371D-40CB-8F3B-B2083703CD66}.Debug|Any CPU.ActiveCfg = Debug|Any CPU
		{738151D0-371D-40CB-8F3B-B2083703CD66}.Debug|Any CPU.Build.0 = Debug|Any CPU
		{738151D0-371D-40CB-8F3B-B2083703CD66}.Debug|x64.ActiveCfg = Debug|Any CPU
		{738151D0-371D-40CB-8F3B-B2083703CD66}.Debug|x64.Build.0 = Debug|Any CPU
		{738151D0-371D-40CB-8F3B-B2083703CD66}.Debug|x86.ActiveCfg = Debug|Any CPU
		{738151D0-371D-40CB-8F3B-B2083703CD66}.Debug|x86.Build.0 = Debug|Any CPU
		{738151D0-371D-40CB-8F3B-B2083703CD66}.Release|Any CPU.ActiveCfg = Release|Any CPU
		{738151D0-371D-40CB-8F3B-B2083703CD66}.Release|Any CPU.Build.0 = Release|Any CPU
		{738151D0-371D-40CB-8F3B-B2083703CD66}.Release|x64.ActiveCfg = Release|Any CPU
		{738151D0-371D-40CB-8F3B-B2083703CD66}.Release|x64.Build.0 = Release|Any CPU
		{738151D0-371D-40CB-8F3B-B2083703CD66}.Release|x86.ActiveCfg = Release|Any CPU
		{738151D0-371D-40CB-8F3B-B2083703CD66}.Release|x86.Build.0 = Release|Any CPU
		{3977D4C2-3F09-4424-BCB1-928D26D898E2}.Debug|Any CPU.ActiveCfg = Debug|Any CPU
		{3977D4C2-3F09-4424-BCB1-928D26D898E2}.Debug|Any CPU.Build.0 = Debug|Any CPU
		{3977D4C2-3F09-4424-BCB1-928D26D898E2}.Debug|x64.ActiveCfg = Debug|Any CPU
		{3977D4C2-3F09-4424-BCB1-928D26D898E2}.Debug|x64.Build.0 = Debug|Any CPU
		{3977D4C2-3F09-4424-BCB1-928D26D898E2}.Debug|x86.ActiveCfg = Debug|Any CPU
		{3977D4C2-3F09-4424-BCB1-928D26D898E2}.Debug|x86.Build.0 = Debug|Any CPU
		{3977D4C2-3F09-4424-BCB1-928D26D898E2}.Release|Any CPU.ActiveCfg = Release|Any CPU
		{3977D4C2-3F09-4424-BCB1-928D26D898E2}.Release|Any CPU.Build.0 = Release|Any CPU
		{3977D4C2-3F09-4424-BCB1-928D26D898E2}.Release|x64.ActiveCfg = Release|Any CPU
		{3977D4C2-3F09-4424-BCB1-928D26D898E2}.Release|x64.Build.0 = Release|Any CPU
		{3977D4C2-3F09-4424-BCB1-928D26D898E2}.Release|x86.ActiveCfg = Release|Any CPU
		{3977D4C2-3F09-4424-BCB1-928D26D898E2}.Release|x86.Build.0 = Release|Any CPU
		{8B433FD6-42B5-4071-ACA1-0E9C0793DA20}.Debug|Any CPU.ActiveCfg = Debug|Any CPU
		{8B433FD6-42B5-4071-ACA1-0E9C0793DA20}.Debug|Any CPU.Build.0 = Debug|Any CPU
		{8B433FD6-42B5-4071-ACA1-0E9C0793DA20}.Debug|x64.ActiveCfg = Debug|Any CPU
		{8B433FD6-42B5-4071-ACA1-0E9C0793DA20}.Debug|x64.Build.0 = Debug|Any CPU
		{8B433FD6-42B5-4071-ACA1-0E9C0793DA20}.Debug|x86.ActiveCfg = Debug|Any CPU
		{8B433FD6-42B5-4071-ACA1-0E9C0793DA20}.Debug|x86.Build.0 = Debug|Any CPU
		{8B433FD6-42B5-4071-ACA1-0E9C0793DA20}.Release|Any CPU.ActiveCfg = Release|Any CPU
		{8B433FD6-42B5-4071-ACA1-0E9C0793DA20}.Release|Any CPU.Build.0 = Release|Any CPU
		{8B433FD6-42B5-4071-ACA1-0E9C0793DA20}.Release|x64.ActiveCfg = Release|Any CPU
		{8B433FD6-42B5-4071-ACA1-0E9C0793DA20}.Release|x64.Build.0 = Release|Any CPU
		{8B433FD6-42B5-4071-ACA1-0E9C0793DA20}.Release|x86.ActiveCfg = Release|Any CPU
		{8B433FD6-42B5-4071-ACA1-0E9C0793DA20}.Release|x86.Build.0 = Release|Any CPU
	EndGlobalSection
	GlobalSection(SolutionProperties) = preSolution
		HideSolutionNode = FALSE
	EndGlobalSection
	GlobalSection(ExtensibilityGlobals) = postSolution
		SolutionGuid = {D9F3CD9D-7420-4545-AD32-E4C8281A0C68}
	EndGlobalSection
EndGlobal
